
Microsoft Visual Studio Solution File, Format Version 12.00
# Visual Studio 15
VisualStudioVersion = 15.0.27703.2042
MinimumVisualStudioVersion = 10.0.40219.1
Project("{FAE04EC0-301F-11D3-BF4B-00C04F79EFBC}") = "Photo-Video-Studio", "Photo-Video-Studio\Photo-Video-Studio.csproj", "{97D44232-4F14-4A69-B2F4-E8E56F056246}"
EndProject
Global
	GlobalSection(SolutionConfigurationPlatforms) = preSolution
		Debug|Any CPU = Debug|Any CPU
		Release|Any CPU = Release|Any CPU
	EndGlobalSection
	GlobalSection(ProjectConfigurationPlatforms) = postSolution
		{97D44232-4F14-4A69-B2F4-E8E56F056246}.Debug|Any CPU.ActiveCfg = Debug|Any CPU
		{97D44232-4F14-4A69-B2F4-E8E56F056246}.Debug|Any CPU.Build.0 = Debug|Any CPU
		{97D44232-4F14-4A69-B2F4-E8E56F056246}.Release|Any CPU.ActiveCfg = Release|Any CPU
		{97D44232-4F14-4A69-B2F4-E8E56F056246}.Release|Any CPU.Build.0 = Release|Any CPU
	EndGlobalSection
	GlobalSection(SolutionProperties) = preSolution
		HideSolutionNode = FALSE
	EndGlobalSection
	GlobalSection(ExtensibilityGlobals) = postSolution
		SolutionGuid = {10F9D446-1932-4795-8D8B-63BAE387ABB6}
	EndGlobalSection
EndGlobal
